
Microsoft Visual Studio Solution File, Format Version 12.00
# Visual Studio Version 17
VisualStudioVersion = 17.8.34309.116
MinimumVisualStudioVersion = 10.0.40219.1
Project("{FAE04EC0-301F-11D3-BF4B-00C04F79EFBC}") = "Пр. работа №2", "Пр. работа №2\Пр. работа №2.csproj", "{CA75F3AD-DC2A-41F0-8EDD-F7F94DFBBE27}"
EndProject
Global
	GlobalSection(SolutionConfigurationPlatforms) = preSolution
		Debug|Any CPU = Debug|Any CPU
		Release|Any CPU = Release|Any CPU
	EndGlobalSection
	GlobalSection(ProjectConfigurationPlatforms) = postSolution
		{CA75F3AD-DC2A-41F0-8EDD-F7F94DFBBE27}.Debug|Any CPU.ActiveCfg = Debug|Any CPU
		{CA75F3AD-DC2A-41F0-8EDD-F7F94DFBBE27}.Debug|Any CPU.Build.0 = Debug|Any CPU
		{CA75F3AD-DC2A-41F0-8EDD-F7F94DFBBE27}.Release|Any CPU.ActiveCfg = Release|Any CPU
		{CA75F3AD-DC2A-41F0-8EDD-F7F94DFBBE27}.Release|Any CPU.Build.0 = Release|Any CPU
	EndGlobalSection
	GlobalSection(SolutionProperties) = preSolution
		HideSolutionNode = FALSE
	EndGlobalSection
	GlobalSection(ExtensibilityGlobals) = postSolution
		SolutionGuid = {6F18CFBD-48AC-4C02-9493-7893F52D49C8}
	EndGlobalSection
EndGlobal
